PODS:
  - Nimble (8.1.2)
  - Quick (3.0.0)
  - UIFlow (2.3.0)
  - UIFlow/Tests (2.3.0):
    - Nimble (= 8.1.2)
    - Quick (= 3.0.0)

DEPENDENCIES:
  - UIFlow (from `../`)
  - UIFlow/Tests (from `../`)

SPEC REPOS:
  trunk:
    - Nimble
    - Quick

EXTERNAL SOURCES:
  UIFlow:
    :path: "../"

SPEC CHECKSUMS:
  Nimble: 3864815b4703c7ebffba875973c70e854489fbae
  Quick: 6d9559f40647bc4d510103842ef2fdd882d753e2
  UIFlow: 7245e83201c7f518c06a10722d913b3641b78876

PODFILE CHECKSUM: 68225756fed6cbf629ee3a03cf55d5bee3f60e13

COCOAPODS: 1.10.1
