PODS:
  - Nimble (8.0.7)
  - Quick (2.2.0)
  - UIFlow (1.0.0)
  - UIFlow/Tests (1.0.0):
    - Nimble (= 8.0.7)
    - Quick (= 2.2.0)

DEPENDENCIES:
  - UIFlow (from `../`)
  - UIFlow/Tests (from `../`)

SPEC REPOS:
  trunk:
    - Nimble
    - Quick

EXTERNAL SOURCES:
  UIFlow:
    :path: "../"

SPEC CHECKSUMS:
  Nimble: a73af6ecd4c9106f434f3d55fc54570be3739e0b
  Quick: 7fb19e13be07b5dfb3b90d4f9824c855a11af40e
  UIFlow: b267198d67306b02c31dfcc9fc9ee13225e59738

PODFILE CHECKSUM: 6d1180b1ef7f28d6c1c3e022bdea5294308bbeb0

COCOAPODS: 1.8.4
